
Microsoft Visual Studio Solution File, Format Version 12.00
# Visual Studio Version 16
VisualStudioVersion = 16.0.29102.190
MinimumVisualStudioVersion = 10.0.40219.1
Project("{FAE04EC0-301F-11D3-BF4B-00C04F79EFBC}") = "Assignment2", "Assignment2\Assignment2.csproj", "{494DFB69-A8D1-43C5-963C-961637018A7B}"
EndProject
Global
	GlobalSection(SolutionConfigurationPlatforms) = preSolution
		Debug|Any CPU = Debug|Any CPU
		Release|Any CPU = Release|Any CPU
	EndGlobalSection
	GlobalSection(ProjectConfigurationPlatforms) = postSolution
		{494DFB69-A8D1-43C5-963C-961637018A7B}.Debug|Any CPU.ActiveCfg = Debug|Any CPU
		{494DFB69-A8D1-43C5-963C-961637018A7B}.Debug|Any CPU.Build.0 = Debug|Any CPU
		{494DFB69-A8D1-43C5-963C-961637018A7B}.Release|Any CPU.ActiveCfg = Release|Any CPU
		{494DFB69-A8D1-43C5-963C-961637018A7B}.Release|Any CPU.Build.0 = Release|Any CPU
	EndGlobalSection
	GlobalSection(SolutionProperties) = preSolution
		HideSolutionNode = FALSE
	EndGlobalSection
	GlobalSection(ExtensibilityGlobals) = postSolution
		SolutionGuid = {FFDC2BA4-D8C4-4966-923E-ACD89547C685}
	EndGlobalSection
EndGlobal
